
Microsoft Visual Studio Solution File, Format Version 12.00
# Visual Studio Version 17
VisualStudioVersion = 17.3.32825.248
MinimumVisualStudioVersion = 10.0.40219.1
Project("{FAE04EC0-301F-11D3-BF4B-00C04F79EFBC}") = "WinFormsApp1", "WinFormsApp1\WinFormsApp1.csproj", "{A197B644-697F-4DA0-BF2D-7AE8BAEB42EC}"
EndProject
Global
	GlobalSection(SolutionConfigurationPlatforms) = preSolution
		Debug|Any CPU = Debug|Any CPU
		Release|Any CPU = Release|Any CPU
	EndGlobalSection
	GlobalSection(ProjectConfigurationPlatforms) = postSolution
		{A197B644-697F-4DA0-BF2D-7AE8BAEB42EC}.Debug|Any CPU.ActiveCfg = Debug|Any CPU
		{A197B644-697F-4DA0-BF2D-7AE8BAEB42EC}.Debug|Any CPU.Build.0 = Debug|Any CPU
		{A197B644-697F-4DA0-BF2D-7AE8BAEB42EC}.Release|Any CPU.ActiveCfg = Release|Any CPU
		{A197B644-697F-4DA0-BF2D-7AE8BAEB42EC}.Release|Any CPU.Build.0 = Release|Any CPU
	EndGlobalSection
	GlobalSection(SolutionProperties) = preSolution
		HideSolutionNode = FALSE
	EndGlobalSection
	GlobalSection(ExtensibilityGlobals) = postSolution
		SolutionGuid = {8A818B33-1FD3-44AF-A861-6BB0C4096F46}
	EndGlobalSection
EndGlobal
